// !$*UTF8*$!
{
	archiveVersion = 1;
	classes = {
	};
	objectVersion = 55;
	objects = {

/* Begin PBXBuildFile section */
		10A86A392DC33BDF5716D5D5 /* Pods_Gist.framework in Frameworks */ = {isa = PBXBuildFile; fileRef = 4F5C93985573AAF107488F86 /* Pods_Gist.framework */; };
		8617DD7E27F239CF00C7B341 /* UIColorExtension.swift in Sources */ = {isa = PBXBuildFile; fileRef = 8617DD7D27F239CF00C7B341 /* UIColorExtension.swift */; };
		8617DD8527F26F3700C7B341 /* GistListViewControllerTests.swift in Sources */ = {isa = PBXBuildFile; fileRef = 8617DD8127F26F3700C7B341 /* GistListViewControllerTests.swift */; };
		8617DD8627F26F3700C7B341 /* GistListInteractorTests.swift in Sources */ = {isa = PBXBuildFile; fileRef = 8617DD8227F26F3700C7B341 /* GistListInteractorTests.swift */; };
		8617DD8727F26F3700C7B341 /* GistListRouterTests.swift in Sources */ = {isa = PBXBuildFile; fileRef = 8617DD8327F26F3700C7B341 /* GistListRouterTests.swift */; };
		8617DD8827F26F3700C7B341 /* GistListPresenterTests.swift in Sources */ = {isa = PBXBuildFile; fileRef = 8617DD8427F26F3700C7B341 /* GistListPresenterTests.swift */; };
		861CED0927EE8C70007138E7 /* AppDelegate.swift in Sources */ = {isa = PBXBuildFile; fileRef = 861CED0827EE8C70007138E7 /* AppDelegate.swift */; };
		861CED0B27EE8C70007138E7 /* SceneDelegate.swift in Sources */ = {isa = PBXBuildFile; fileRef = 861CED0A27EE8C70007138E7 /* SceneDelegate.swift */; };
		861CED0D27EE8C70007138E7 /* ViewController.swift in Sources */ = {isa = PBXBuildFile; fileRef = 861CED0C27EE8C70007138E7 /* ViewController.swift */; };
		861CED1227EE8C72007138E7 /* Assets.xcassets in Resources */ = {isa = PBXBuildFile; fileRef = 861CED1127EE8C72007138E7 /* Assets.xcassets */; };
		861CED1527EE8C72007138E7 /* LaunchScreen.storyboard in Resources */ = {isa = PBXBuildFile; fileRef = 861CED1327EE8C72007138E7 /* LaunchScreen.storyboard */; };
		861CED2027EE8C72007138E7 /* GistTests.swift in Sources */ = {isa = PBXBuildFile; fileRef = 861CED1F27EE8C72007138E7 /* GistTests.swift */; };
		861CED2A27EE8C72007138E7 /* GistUITests.swift in Sources */ = {isa = PBXBuildFile; fileRef = 861CED2927EE8C72007138E7 /* GistUITests.swift */; };
		861CED2C27EE8C72007138E7 /* GistUITestsLaunchTests.swift in Sources */ = {isa = PBXBuildFile; fileRef = 861CED2B27EE8C72007138E7 /* GistUITestsLaunchTests.swift */; };
		86A434A027EE9CF3003DC156 /* GistListPresenter.swift in Sources */ = {isa = PBXBuildFile; fileRef = 86A4349A27EE9CF3003DC156 /* GistListPresenter.swift */; };
		86A434A127EE9CF3003DC156 /* GistListRouter.swift in Sources */ = {isa = PBXBuildFile; fileRef = 86A4349B27EE9CF3003DC156 /* GistListRouter.swift */; };
		86A434A227EE9CF3003DC156 /* GistListViewController.swift in Sources */ = {isa = PBXBuildFile; fileRef = 86A4349C27EE9CF3003DC156 /* GistListViewController.swift */; };
		86A434A327EE9CF3003DC156 /* GistListInteractor.swift in Sources */ = {isa = PBXBuildFile; fileRef = 86A4349D27EE9CF3003DC156 /* GistListInteractor.swift */; };
		86A434A527EE9CF3003DC156 /* GistListModel.swift in Sources */ = {isa = PBXBuildFile; fileRef = 86A4349F27EE9CF3003DC156 /* GistListModel.swift */; };
		86A434A727EEA3E3003DC156 /* GistLisBuilder.swift in Sources */ = {isa = PBXBuildFile; fileRef = 86A434A627EEA3E3003DC156 /* GistLisBuilder.swift */; };
		86A434A927EEA9CD003DC156 /* GistResponse.swift in Sources */ = {isa = PBXBuildFile; fileRef = 86A434A827EEA9CD003DC156 /* GistResponse.swift */; };
		86A434AE27F0A2C8003DC156 /* GistResponseTest.swift in Sources */ = {isa = PBXBuildFile; fileRef = 86A434AD27F0A2C8003DC156 /* GistResponseTest.swift */; };
		86A434B027F0A3DB003DC156 /* GistObject.json in Resources */ = {isa = PBXBuildFile; fileRef = 86A434AF27F0A3DB003DC156 /* GistObject.json */; };
		86A434B127F0A698003DC156 /* GistObject.json in Resources */ = {isa = PBXBuildFile; fileRef = 86A434AF27F0A3DB003DC156 /* GistObject.json */; };
		86A434B427F0D991003DC156 /* GistService.swift in Sources */ = {isa = PBXBuildFile; fileRef = 86A434B327F0D991003DC156 /* GistService.swift */; };
		86A434B627F0D9B7003DC156 /* ServiceError.swift in Sources */ = {isa = PBXBuildFile; fileRef = 86A434B527F0D9B7003DC156 /* ServiceError.swift */; };
		86A434B927F0DCBD003DC156 /* GistRequestQuery.swift in Sources */ = {isa = PBXBuildFile; fileRef = 86A434B827F0DCBD003DC156 /* GistRequestQuery.swift */; };
		86A434BB27F0DF03003DC156 /* Endpoint.swift in Sources */ = {isa = PBXBuildFile; fileRef = 86A434BA27F0DF03003DC156 /* Endpoint.swift */; };
		86A434BE27F0E85F003DC156 /* EncodableExtension.swift in Sources */ = {isa = PBXBuildFile; fileRef = 86A434BD27F0E85F003DC156 /* EncodableExtension.swift */; };
		86A434C327F0F297003DC156 /* GistTableViewCell.swift in Sources */ = {isa = PBXBuildFile; fileRef = 86A434C227F0F297003DC156 /* GistTableViewCell.swift */; };
		86A434C727F101A5003DC156 /* ViewCodeConfiguration.swift in Sources */ = {isa = PBXBuildFile; fileRef = 86A434C627F101A5003DC156 /* ViewCodeConfiguration.swift */; };
		86A434CA27F11A3B003DC156 /* NSObjectExtension.swift in Sources */ = {isa = PBXBuildFile; fileRef = 86A434C927F11A3B003DC156 /* NSObjectExtension.swift */; };
		86A434CC27F11B82003DC156 /* UITableViewCellExtension.swift in Sources */ = {isa = PBXBuildFile; fileRef = 86A434CB27F11B82003DC156 /* UITableViewCellExtension.swift */; };
		86A434CE27F11CB2003DC156 /* UIViewExtension.swift in Sources */ = {isa = PBXBuildFile; fileRef = 86A434CD27F11CB2003DC156 /* UIViewExtension.swift */; };
		86A434D027F132CB003DC156 /* SearchView.swift in Sources */ = {isa = PBXBuildFile; fileRef = 86A434CF27F132CB003DC156 /* SearchView.swift */; };
		AC6E3F4C9352C6FB8D8F1F30 /* Pods_Gist_GistUITests.framework in Frameworks */ = {isa = PBXBuildFile; fileRef = 97E8CE459A7C0F6664292E5C /* Pods_Gist_GistUITests.framework */; };
		ACA3A2E6CE9483768573D4A3 /* Pods_GistTests.framework in Frameworks */ = {isa = PBXBuildFile; fileRef = BE1FCB6E9A16741D16200257 /* Pods_GistTests.framework */; };
/* End PBXBuildFile section */

/* Begin PBXContainerItemProxy section */
		861CED1C27EE8C72007138E7 /* PBXContainerItemProxy */ = {
			isa = PBXContainerItemProxy;
			containerPortal = 861CECFD27EE8C70007138E7 /* Project object */;
			proxyType = 1;
			remoteGlobalIDString = 861CED0427EE8C70007138E7;
			remoteInfo = Gist;
		};
		861CED2627EE8C72007138E7 /* PBXContainerItemProxy */ = {
			isa = PBXContainerItemProxy;
			containerPortal = 861CECFD27EE8C70007138E7 /* Project object */;
			proxyType = 1;
			remoteGlobalIDString = 861CED0427EE8C70007138E7;
			remoteInfo = Gist;
		};
/* End PBXContainerItemProxy section */

/* Begin PBXFileReference section */
		1934CE88A7F078FA3DA87709 /* Pods-Gist-GistUITests.release.xcconfig */ = {isa = PBXFileReference; includeInIndex = 1; lastKnownFileType = text.xcconfig; name = "Pods-Gist-GistUITests.release.xcconfig"; path = "Target Support Files/Pods-Gist-GistUITests/Pods-Gist-GistUITests.release.xcconfig"; sourceTree = "<group>"; };
		278C945637A3A563571BD8A5 /* Pods-GistTests.release.xcconfig */ = {isa = PBXFileReference; includeInIndex = 1; lastKnownFileType = text.xcconfig; name = "Pods-GistTests.release.xcconfig"; path = "Target Support Files/Pods-GistTests/Pods-GistTests.release.xcconfig"; sourceTree = "<group>"; };
		4F5C93985573AAF107488F86 /* Pods_Gist.framework */ = {isa = PBXFileReference; explicitFileType = wrapper.framework; includeInIndex = 0; path = Pods_Gist.framework; sourceTree = BUILT_PRODUCTS_DIR; };
		8617DD7D27F239CF00C7B341 /* UIColorExtension.swift */ = {isa = PBXFileReference; lastKnownFileType = sourcecode.swift; path = UIColorExtension.swift; sourceTree = "<group>"; };
		8617DD8127F26F3700C7B341 /* GistListViewControllerTests.swift */ = {isa = PBXFileReference; lastKnownFileType = sourcecode.swift; path = GistListViewControllerTests.swift; sourceTree = "<group>"; };
		8617DD8227F26F3700C7B341 /* GistListInteractorTests.swift */ = {isa = PBXFileReference; lastKnownFileType = sourcecode.swift; path = GistListInteractorTests.swift; sourceTree = "<group>"; };
		8617DD8327F26F3700C7B341 /* GistListRouterTests.swift */ = {isa = PBXFileReference; lastKnownFileType = sourcecode.swift; path = GistListRouterTests.swift; sourceTree = "<group>"; };
		8617DD8427F26F3700C7B341 /* GistListPresenterTests.swift */ = {isa = PBXFileReference; lastKnownFileType = sourcecode.swift; path = GistListPresenterTests.swift; sourceTree = "<group>"; };
		861CED0527EE8C70007138E7 /* Gist.app */ = {isa = PBXFileReference; explicitFileType = wrapper.application; includeInIndex = 0; path = Gist.app; sourceTree = BUILT_PRODUCTS_DIR; };
		861CED0827EE8C70007138E7 /* AppDelegate.swift */ = {isa = PBXFileReference; lastKnownFileType = sourcecode.swift; path = AppDelegate.swift; sourceTree = "<group>"; };
		861CED0A27EE8C70007138E7 /* SceneDelegate.swift */ = {isa = PBXFileReference; lastKnownFileType = sourcecode.swift; path = SceneDelegate.swift; sourceTree = "<group>"; };
		861CED0C27EE8C70007138E7 /* ViewController.swift */ = {isa = PBXFileReference; lastKnownFileType = sourcecode.swift; path = ViewController.swift; sourceTree = "<group>"; };
		861CED1127EE8C72007138E7 /* Assets.xcassets */ = {isa = PBXFileReference; lastKnownFileType = folder.assetcatalog; path = Assets.xcassets; sourceTree = "<group>"; };
		861CED1427EE8C72007138E7 /* Base */ = {isa = PBXFileReference; lastKnownFileType = file.storyboard; name = Base; path = Base.lproj/LaunchScreen.storyboard; sourceTree = "<group>"; };
		861CED1627EE8C72007138E7 /* Info.plist */ = {isa = PBXFileReference; lastKnownFileType = text.plist.xml; path = Info.plist; sourceTree = "<group>"; };
		861CED1B27EE8C72007138E7 /* GistTests.xctest */ = {isa = PBXFileReference; explicitFileType = wrapper.cfbundle; includeInIndex = 0; path = GistTests.xctest; sourceTree = BUILT_PRODUCTS_DIR; };
		861CED1F27EE8C72007138E7 /* GistTests.swift */ = {isa = PBXFileReference; lastKnownFileType = sourcecode.swift; path = GistTests.swift; sourceTree = "<group>"; };
		861CED2527EE8C72007138E7 /* GistUITests.xctest */ = {isa = PBXFileReference; explicitFileType = wrapper.cfbundle; includeInIndex = 0; path = GistUITests.xctest; sourceTree = BUILT_PRODUCTS_DIR; };
		861CED2927EE8C72007138E7 /* GistUITests.swift */ = {isa = PBXFileReference; lastKnownFileType = sourcecode.swift; path = GistUITests.swift; sourceTree = "<group>"; };
		861CED2B27EE8C72007138E7 /* GistUITestsLaunchTests.swift */ = {isa = PBXFileReference; lastKnownFileType = sourcecode.swift; path = GistUITestsLaunchTests.swift; sourceTree = "<group>"; };
		86A4349A27EE9CF3003DC156 /* GistListPresenter.swift */ = {isa = PBXFileReference; lastKnownFileType = sourcecode.swift; path = GistListPresenter.swift; sourceTree = "<group>"; };
		86A4349B27EE9CF3003DC156 /* GistListRouter.swift */ = {isa = PBXFileReference; lastKnownFileType = sourcecode.swift; path = GistListRouter.swift; sourceTree = "<group>"; };
		86A4349C27EE9CF3003DC156 /* GistListViewController.swift */ = {isa = PBXFileReference; lastKnownFileType = sourcecode.swift; path = GistListViewController.swift; sourceTree = "<group>"; };
		86A4349D27EE9CF3003DC156 /* GistListInteractor.swift */ = {isa = PBXFileReference; lastKnownFileType = sourcecode.swift; path = GistListInteractor.swift; sourceTree = "<group>"; };
		86A4349F27EE9CF3003DC156 /* GistListModel.swift */ = {isa = PBXFileReference; lastKnownFileType = sourcecode.swift; path = GistListModel.swift; sourceTree = "<group>"; };
		86A434A627EEA3E3003DC156 /* GistLisBuilder.swift */ = {isa = PBXFileReference; lastKnownFileType = sourcecode.swift; path = GistLisBuilder.swift; sourceTree = "<group>"; };
		86A434A827EEA9CD003DC156 /* GistResponse.swift */ = {isa = PBXFileReference; lastKnownFileType = sourcecode.swift; path = GistResponse.swift; sourceTree = "<group>"; };
		86A434AD27F0A2C8003DC156 /* GistResponseTest.swift */ = {isa = PBXFileReference; lastKnownFileType = sourcecode.swift; path = GistResponseTest.swift; sourceTree = "<group>"; };
		86A434AF27F0A3DB003DC156 /* GistObject.json */ = {isa = PBXFileReference; lastKnownFileType = text.json; path = GistObject.json; sourceTree = "<group>"; };
		86A434B327F0D991003DC156 /* GistService.swift */ = {isa = PBXFileReference; lastKnownFileType = sourcecode.swift; path = GistService.swift; sourceTree = "<group>"; };
		86A434B527F0D9B7003DC156 /* ServiceError.swift */ = {isa = PBXFileReference; lastKnownFileType = sourcecode.swift; path = ServiceError.swift; sourceTree = "<group>"; };
		86A434B827F0DCBD003DC156 /* GistRequestQuery.swift */ = {isa = PBXFileReference; lastKnownFileType = sourcecode.swift; path = GistRequestQuery.swift; sourceTree = "<group>"; };
		86A434BA27F0DF03003DC156 /* Endpoint.swift */ = {isa = PBXFileReference; lastKnownFileType = sourcecode.swift; path = Endpoint.swift; sourceTree = "<group>"; };
		86A434BD27F0E85F003DC156 /* EncodableExtension.swift */ = {isa = PBXFileReference; lastKnownFileType = sourcecode.swift; path = EncodableExtension.swift; sourceTree = "<group>"; };
		86A434C227F0F297003DC156 /* GistTableViewCell.swift */ = {isa = PBXFileReference; lastKnownFileType = sourcecode.swift; path = GistTableViewCell.swift; sourceTree = "<group>"; };
		86A434C627F101A5003DC156 /* ViewCodeConfiguration.swift */ = {isa = PBXFileReference; lastKnownFileType = sourcecode.swift; path = ViewCodeConfiguration.swift; sourceTree = "<group>"; };
		86A434C927F11A3B003DC156 /* NSObjectExtension.swift */ = {isa = PBXFileReference; lastKnownFileType = sourcecode.swift; path = NSObjectExtension.swift; sourceTree = "<group>"; };
		86A434CB27F11B82003DC156 /* UITableViewCellExtension.swift */ = {isa = PBXFileReference; lastKnownFileType = sourcecode.swift; path = UITableViewCellExtension.swift; sourceTree = "<group>"; };
		86A434CD27F11CB2003DC156 /* UIViewExtension.swift */ = {isa = PBXFileReference; lastKnownFileType = sourcecode.swift; path = UIViewExtension.swift; sourceTree = "<group>"; };
		86A434CF27F132CB003DC156 /* SearchView.swift */ = {isa = PBXFileReference; lastKnownFileType = sourcecode.swift; path = SearchView.swift; sourceTree = "<group>"; };
		97E8CE459A7C0F6664292E5C /* Pods_Gist_GistUITests.framework */ = {isa = PBXFileReference; explicitFileType = wrapper.framework; includeInIndex = 0; path = Pods_Gist_GistUITests.framework; sourceTree = BUILT_PRODUCTS_DIR; };
		BE1FCB6E9A16741D16200257 /* Pods_GistTests.framework */ = {isa = PBXFileReference; explicitFileType = wrapper.framework; includeInIndex = 0; path = Pods_GistTests.framework; sourceTree = BUILT_PRODUCTS_DIR; };
		CDD645157900EA7E0DB809D4 /* Pods-Gist.debug.xcconfig */ = {isa = PBXFileReference; includeInIndex = 1; lastKnownFileType = text.xcconfig; name = "Pods-Gist.debug.xcconfig"; path = "Target Support Files/Pods-Gist/Pods-Gist.debug.xcconfig"; sourceTree = "<group>"; };
		DD6C0773B6C7F368221143E9 /* Pods-Gist.release.xcconfig */ = {isa = PBXFileReference; includeInIndex = 1; lastKnownFileType = text.xcconfig; name = "Pods-Gist.release.xcconfig"; path = "Target Support Files/Pods-Gist/Pods-Gist.release.xcconfig"; sourceTree = "<group>"; };
		E8463DFBC7DD0FFE5DB51742 /* Pods-GistTests.debug.xcconfig */ = {isa = PBXFileReference; includeInIndex = 1; lastKnownFileType = text.xcconfig; name = "Pods-GistTests.debug.xcconfig"; path = "Target Support Files/Pods-GistTests/Pods-GistTests.debug.xcconfig"; sourceTree = "<group>"; };
		EF57F34AED1A559F39339D9F /* Pods-Gist-GistUITests.debug.xcconfig */ = {isa = PBXFileReference; includeInIndex = 1; lastKnownFileType = text.xcconfig; name = "Pods-Gist-GistUITests.debug.xcconfig"; path = "Target Support Files/Pods-Gist-GistUITests/Pods-Gist-GistUITests.debug.xcconfig"; sourceTree = "<group>"; };
/* End PBXFileReference section */

/* Begin PBXFrameworksBuildPhase section */
		861CED0227EE8C70007138E7 /* Frameworks */ = {
			isa = PBXFrameworksBuildPhase;
			buildActionMask = 2147483647;
			files = (
				10A86A392DC33BDF5716D5D5 /* Pods_Gist.framework in Frameworks */,
			);
			runOnlyForDeploymentPostprocessing = 0;
		};
		861CED1827EE8C72007138E7 /* Frameworks */ = {
			isa = PBXFrameworksBuildPhase;
			buildActionMask = 2147483647;
			files = (
				ACA3A2E6CE9483768573D4A3 /* Pods_GistTests.framework in Frameworks */,
			);
			runOnlyForDeploymentPostprocessing = 0;
		};
		861CED2227EE8C72007138E7 /* Frameworks */ = {
			isa = PBXFrameworksBuildPhase;
			buildActionMask = 2147483647;
			files = (
				AC6E3F4C9352C6FB8D8F1F30 /* Pods_Gist_GistUITests.framework in Frameworks */,
			);
			runOnlyForDeploymentPostprocessing = 0;
		};
/* End PBXFrameworksBuildPhase section */

/* Begin PBXGroup section */
		4559466CDC559E3AA565A9C8 /* Frameworks */ = {
			isa = PBXGroup;
			children = (
				4F5C93985573AAF107488F86 /* Pods_Gist.framework */,
				97E8CE459A7C0F6664292E5C /* Pods_Gist_GistUITests.framework */,
				BE1FCB6E9A16741D16200257 /* Pods_GistTests.framework */,
			);
			name = Frameworks;
			sourceTree = "<group>";
		};
		861CECFC27EE8C70007138E7 = {
			isa = PBXGroup;
			children = (
				861CED0727EE8C70007138E7 /* Gist */,
				861CED1E27EE8C72007138E7 /* GistTests */,
				861CED2827EE8C72007138E7 /* GistUITests */,
				861CED0627EE8C70007138E7 /* Products */,
				EF0283E31059B143CBE07FC7 /* Pods */,
				4559466CDC559E3AA565A9C8 /* Frameworks */,
			);
			sourceTree = "<group>";
		};
		861CED0627EE8C70007138E7 /* Products */ = {
			isa = PBXGroup;
			children = (
				861CED0527EE8C70007138E7 /* Gist.app */,
				861CED1B27EE8C72007138E7 /* GistTests.xctest */,
				861CED2527EE8C72007138E7 /* GistUITests.xctest */,
			);
			name = Products;
			sourceTree = "<group>";
		};
		861CED0727EE8C70007138E7 /* Gist */ = {
			isa = PBXGroup;
			children = (
				86A434BC27F0E846003DC156 /* Commons */,
				861CED0827EE8C70007138E7 /* AppDelegate.swift */,
				86A4349627EE9BA5003DC156 /* Scene */,
				861CED0A27EE8C70007138E7 /* SceneDelegate.swift */,
				861CED0C27EE8C70007138E7 /* ViewController.swift */,
				861CED1127EE8C72007138E7 /* Assets.xcassets */,
				861CED1327EE8C72007138E7 /* LaunchScreen.storyboard */,
				861CED1627EE8C72007138E7 /* Info.plist */,
			);
			path = Gist;
			sourceTree = "<group>";
		};
		861CED1E27EE8C72007138E7 /* GistTests */ = {
			isa = PBXGroup;
			children = (
				86A434AA27F0A27A003DC156 /* Scene */,
				861CED1F27EE8C72007138E7 /* GistTests.swift */,
			);
			path = GistTests;
			sourceTree = "<group>";
		};
		861CED2827EE8C72007138E7 /* GistUITests */ = {
			isa = PBXGroup;
			children = (
				861CED2927EE8C72007138E7 /* GistUITests.swift */,
				861CED2B27EE8C72007138E7 /* GistUITestsLaunchTests.swift */,
			);
			path = GistUITests;
			sourceTree = "<group>";
		};
		86A4349627EE9BA5003DC156 /* Scene */ = {
			isa = PBXGroup;
			children = (
				86A4349727EE9BDF003DC156 /* List */,
			);
			path = Scene;
			sourceTree = "<group>";
		};
		86A4349727EE9BDF003DC156 /* List */ = {
			isa = PBXGroup;
			children = (
				86A434B227F0D96E003DC156 /* Service */,
				86A434C827F10A29003DC156 /* View */,
				86A434A627EEA3E3003DC156 /* GistLisBuilder.swift */,
				86A4349A27EE9CF3003DC156 /* GistListPresenter.swift */,
				86A4349B27EE9CF3003DC156 /* GistListRouter.swift */,
				86A4349D27EE9CF3003DC156 /* GistListInteractor.swift */,
				86A4349F27EE9CF3003DC156 /* GistListModel.swift */,
			);
			path = List;
			sourceTree = "<group>";
		};
		86A434AA27F0A27A003DC156 /* Scene */ = {
			isa = PBXGroup;
			children = (
				86A434AB27F0A283003DC156 /* List */,
			);
			path = Scene;
			sourceTree = "<group>";
		};
		86A434AB27F0A283003DC156 /* List */ = {
			isa = PBXGroup;
			children = (
				86A434AC27F0A2B5003DC156 /* Service */,
				8617DD8127F26F3700C7B341 /* GistListViewControllerTests.swift */,
				8617DD8227F26F3700C7B341 /* GistListInteractorTests.swift */,
				8617DD8327F26F3700C7B341 /* GistListRouterTests.swift */,
				8617DD8427F26F3700C7B341 /* GistListPresenterTests.swift */,
			);
			path = List;
			sourceTree = "<group>";
		};
		86A434AC27F0A2B5003DC156 /* Service */ = {
			isa = PBXGroup;
			children = (
				86A434AD27F0A2C8003DC156 /* GistResponseTest.swift */,
				86A434AF27F0A3DB003DC156 /* GistObject.json */,
			);
			path = Service;
			sourceTree = "<group>";
		};
		86A434B227F0D96E003DC156 /* Service */ = {
			isa = PBXGroup;
			children = (
				86A434B827F0DCBD003DC156 /* GistRequestQuery.swift */,
				86A434B527F0D9B7003DC156 /* ServiceError.swift */,
				86A434A827EEA9CD003DC156 /* GistResponse.swift */,
				86A434B327F0D991003DC156 /* GistService.swift */,
			);
			path = Service;
			sourceTree = "<group>";
		};
		86A434BC27F0E846003DC156 /* Commons */ = {
			isa = PBXGroup;
			children = (
				86A434BA27F0DF03003DC156 /* Endpoint.swift */,
				86A434BD27F0E85F003DC156 /* EncodableExtension.swift */,
				86A434C627F101A5003DC156 /* ViewCodeConfiguration.swift */,
				86A434C927F11A3B003DC156 /* NSObjectExtension.swift */,
				86A434CB27F11B82003DC156 /* UITableViewCellExtension.swift */,
				86A434CD27F11CB2003DC156 /* UIViewExtension.swift */,
				8617DD7D27F239CF00C7B341 /* UIColorExtension.swift */,
			);
			path = Commons;
			sourceTree = "<group>";
		};
		86A434C827F10A29003DC156 /* View */ = {
			isa = PBXGroup;
			children = (
				86A4349C27EE9CF3003DC156 /* GistListViewController.swift */,
				86A434C227F0F297003DC156 /* GistTableViewCell.swift */,
				86A434CF27F132CB003DC156 /* SearchView.swift */,
			);
			path = View;
			sourceTree = "<group>";
		};
		EF0283E31059B143CBE07FC7 /* Pods */ = {
			isa = PBXGroup;
			children = (
				CDD645157900EA7E0DB809D4 /* Pods-Gist.debug.xcconfig */,
				DD6C0773B6C7F368221143E9 /* Pods-Gist.release.xcconfig */,
				EF57F34AED1A559F39339D9F /* Pods-Gist-GistUITests.debug.xcconfig */,
				1934CE88A7F078FA3DA87709 /* Pods-Gist-GistUITests.release.xcconfig */,
				E8463DFBC7DD0FFE5DB51742 /* Pods-GistTests.debug.xcconfig */,
				278C945637A3A563571BD8A5 /* Pods-GistTests.release.xcconfig */,
			);
			path = Pods;
			sourceTree = "<group>";
		};
/* End PBXGroup section */

/* Begin PBXNativeTarget section */
		861CED0427EE8C70007138E7 /* Gist */ = {
			isa = PBXNativeTarget;
			buildConfigurationList = 861CED2F27EE8C72007138E7 /* Build configuration list for PBXNativeTarget "Gist" */;
			buildPhases = (
				2ECC8CE412D2F67ABF01736C /* [CP] Check Pods Manifest.lock */,
				861CED0127EE8C70007138E7 /* Sources */,
				861CED0227EE8C70007138E7 /* Frameworks */,
				861CED0327EE8C70007138E7 /* Resources */,
				86A4349527EE8FC6003DC156 /* Swiftlint */,
				08D368BAD2144980B51B0555 /* [CP] Embed Pods Frameworks */,
			);
			buildRules = (
			);
			dependencies = (
			);
			name = Gist;
			productName = Gist;
			productReference = 861CED0527EE8C70007138E7 /* Gist.app */;
			productType = "com.apple.product-type.application";
		};
		861CED1A27EE8C72007138E7 /* GistTests */ = {
			isa = PBXNativeTarget;
			buildConfigurationList = 861CED3227EE8C72007138E7 /* Build configuration list for PBXNativeTarget "GistTests" */;
			buildPhases = (
				97228D226E600B5A0939EED5 /* [CP] Check Pods Manifest.lock */,
				861CED1727EE8C72007138E7 /* Sources */,
				861CED1827EE8C72007138E7 /* Frameworks */,
				861CED1927EE8C72007138E7 /* Resources */,
			);
			buildRules = (
			);
			dependencies = (
				861CED1D27EE8C72007138E7 /* PBXTargetDependency */,
			);
			name = GistTests;
			productName = GistTests;
			productReference = 861CED1B27EE8C72007138E7 /* GistTests.xctest */;
			productType = "com.apple.product-type.bundle.unit-test";
		};
		861CED2427EE8C72007138E7 /* GistUITests */ = {
			isa = PBXNativeTarget;
			buildConfigurationList = 861CED3527EE8C72007138E7 /* Build configuration list for PBXNativeTarget "GistUITests" */;
			buildPhases = (
				1100C01EA8967B37A1246C86 /* [CP] Check Pods Manifest.lock */,
				861CED2127EE8C72007138E7 /* Sources */,
				861CED2227EE8C72007138E7 /* Frameworks */,
				861CED2327EE8C72007138E7 /* Resources */,
				BE1062D6FB847BBD0E94A452 /* [CP] Embed Pods Frameworks */,
			);
			buildRules = (
			);
			dependencies = (
				861CED2727EE8C72007138E7 /* PBXTargetDependency */,
			);
			name = GistUITests;
			productName = GistUITests;
			productReference = 861CED2527EE8C72007138E7 /* GistUITests.xctest */;
			productType = "com.apple.product-type.bundle.ui-testing";
		};
/* End PBXNativeTarget section */

/* Begin PBXProject section */
		861CECFD27EE8C70007138E7 /* Project object */ = {
			isa = PBXProject;
			attributes = {
				BuildIndependentTargetsInParallel = 1;
				LastSwiftUpdateCheck = 1330;
				LastUpgradeCheck = 1330;
				TargetAttributes = {
					861CED0427EE8C70007138E7 = {
						CreatedOnToolsVersion = 13.3;
					};
					861CED1A27EE8C72007138E7 = {
						CreatedOnToolsVersion = 13.3;
						TestTargetID = 861CED0427EE8C70007138E7;
					};
					861CED2427EE8C72007138E7 = {
						CreatedOnToolsVersion = 13.3;
						TestTargetID = 861CED0427EE8C70007138E7;
					};
				};
			};
			buildConfigurationList = 861CED0027EE8C70007138E7 /* Build configuration list for PBXProject "Gist" */;
			compatibilityVersion = "Xcode 13.0";
			developmentRegion = en;
			hasScannedForEncodings = 0;
			knownRegions = (
				en,
				Base,
			);
			mainGroup = 861CECFC27EE8C70007138E7;
			productRefGroup = 861CED0627EE8C70007138E7 /* Products */;
			projectDirPath = "";
			projectRoot = "";
			targets = (
				861CED0427EE8C70007138E7 /* Gist */,
				861CED1A27EE8C72007138E7 /* GistTests */,
				861CED2427EE8C72007138E7 /* GistUITests */,
			);
		};
/* End PBXProject section */

/* Begin PBXResourcesBuildPhase section */
		861CED0327EE8C70007138E7 /* Resources */ = {
			isa = PBXResourcesBuildPhase;
			buildActionMask = 2147483647;
			files = (
				861CED1527EE8C72007138E7 /* LaunchScreen.storyboard in Resources */,
				86A434B127F0A698003DC156 /* GistObject.json in Resources */,
				861CED1227EE8C72007138E7 /* Assets.xcassets in Resources */,
			);
			runOnlyForDeploymentPostprocessing = 0;
		};
		861CED1927EE8C72007138E7 /* Resources */ = {
			isa = PBXResourcesBuildPhase;
			buildActionMask = 2147483647;
			files = (
				86A434B027F0A3DB003DC156 /* GistObject.json in Resources */,
			);
			runOnlyForDeploymentPostprocessing = 0;
		};
		861CED2327EE8C72007138E7 /* Resources */ = {
			isa = PBXResourcesBuildPhase;
			buildActionMask = 2147483647;
			files = (
			);
			runOnlyForDeploymentPostprocessing = 0;
		};
/* End PBXResourcesBuildPhase section */

/* Begin PBXShellScriptBuildPhase section */
		08D368BAD2144980B51B0555 /* [CP] Embed Pods Frameworks */ = {
			isa = PBXShellScriptBuildPhase;
			buildActionMask = 2147483647;
			files = (
			);
			inputFileListPaths = (
				"${PODS_ROOT}/Target Support Files/Pods-Gist/Pods-Gist-frameworks-${CONFIGURATION}-input-files.xcfilelist",
			);
			name = "[CP] Embed Pods Frameworks";
			outputFileListPaths = (
				"${PODS_ROOT}/Target Support Files/Pods-Gist/Pods-Gist-frameworks-${CONFIGURATION}-output-files.xcfilelist",
			);
			runOnlyForDeploymentPostprocessing = 0;
			shellPath = /bin/sh;
			shellScript = "\"${PODS_ROOT}/Target Support Files/Pods-Gist/Pods-Gist-frameworks.sh\"\n";
			showEnvVarsInLog = 0;
		};
		1100C01EA8967B37A1246C86 /* [CP] Check Pods Manifest.lock */ = {
			isa = PBXShellScriptBuildPhase;
			buildActionMask = 2147483647;
			files = (
			);
			inputFileListPaths = (
			);
			inputPaths = (
				"${PODS_PODFILE_DIR_PATH}/Podfile.lock",
				"${PODS_ROOT}/Manifest.lock",
			);
			name = "[CP] Check Pods Manifest.lock";
			outputFileListPaths = (
			);
			outputPaths = (
				"$(DERIVED_FILE_DIR)/Pods-Gist-GistUITests-checkManifestLockResult.txt",
			);
			runOnlyForDeploymentPostprocessing = 0;
			shellPath = /bin/sh;
			shellScript = "diff \"${PODS_PODFILE_DIR_PATH}/Podfile.lock\" \"${PODS_ROOT}/Manifest.lock\" > /dev/null\nif [ $? != 0 ] ; then\n    # print error to STDERR\n    echo \"error: The sandbox is not in sync with the Podfile.lock. Run 'pod install' or update your CocoaPods installation.\" >&2\n    exit 1\nfi\n# This output is used by Xcode 'outputs' to avoid re-running this script phase.\necho \"SUCCESS\" > \"${SCRIPT_OUTPUT_FILE_0}\"\n";
			showEnvVarsInLog = 0;
		};
		2ECC8CE412D2F67ABF01736C /* [CP] Check Pods Manifest.lock */ = {
			isa = PBXShellScriptBuildPhase;
			buildActionMask = 2147483647;
			files = (
			);
			inputFileListPaths = (
			);
			inputPaths = (
				"${PODS_PODFILE_DIR_PATH}/Podfile.lock",
				"${PODS_ROOT}/Manifest.lock",
			);
			name = "[CP] Check Pods Manifest.lock";
			outputFileListPaths = (
			);
			outputPaths = (
				"$(DERIVED_FILE_DIR)/Pods-Gist-checkManifestLockResult.txt",
			);
			runOnlyForDeploymentPostprocessing = 0;
			shellPath = /bin/sh;
			shellScript = "diff \"${PODS_PODFILE_DIR_PATH}/Podfile.lock\" \"${PODS_ROOT}/Manifest.lock\" > /dev/null\nif [ $? != 0 ] ; then\n    # print error to STDERR\n    echo \"error: The sandbox is not in sync with the Podfile.lock. Run 'pod install' or update your CocoaPods installation.\" >&2\n    exit 1\nfi\n# This output is used by Xcode 'outputs' to avoid re-running this script phase.\necho \"SUCCESS\" > \"${SCRIPT_OUTPUT_FILE_0}\"\n";
			showEnvVarsInLog = 0;
		};
		86A4349527EE8FC6003DC156 /* Swiftlint */ = {
			isa = PBXShellScriptBuildPhase;
			buildActionMask = 2147483647;
			files = (
			);
			inputFileListPaths = (
			);
			inputPaths = (
			);
			name = Swiftlint;
			outputFileListPaths = (
			);
			outputPaths = (
			);
			runOnlyForDeploymentPostprocessing = 0;
			shellPath = /bin/sh;
			shellScript = "\"${PODS_ROOT}/SwiftLint/swiftlint\"\n";
		};
		97228D226E600B5A0939EED5 /* [CP] Check Pods Manifest.lock */ = {
			isa = PBXShellScriptBuildPhase;
			buildActionMask = 2147483647;
			files = (
			);
			inputFileListPaths = (
			);
			inputPaths = (
				"${PODS_PODFILE_DIR_PATH}/Podfile.lock",
				"${PODS_ROOT}/Manifest.lock",
			);
			name = "[CP] Check Pods Manifest.lock";
			outputFileListPaths = (
			);
			outputPaths = (
				"$(DERIVED_FILE_DIR)/Pods-GistTests-checkManifestLockResult.txt",
			);
			runOnlyForDeploymentPostprocessing = 0;
			shellPath = /bin/sh;
			shellScript = "diff \"${PODS_PODFILE_DIR_PATH}/Podfile.lock\" \"${PODS_ROOT}/Manifest.lock\" > /dev/null\nif [ $? != 0 ] ; then\n    # print error to STDERR\n    echo \"error: The sandbox is not in sync with the Podfile.lock. Run 'pod install' or update your CocoaPods installation.\" >&2\n    exit 1\nfi\n# This output is used by Xcode 'outputs' to avoid re-running this script phase.\necho \"SUCCESS\" > \"${SCRIPT_OUTPUT_FILE_0}\"\n";
			showEnvVarsInLog = 0;
		};
		BE1062D6FB847BBD0E94A452 /* [CP] Embed Pods Frameworks */ = {
			isa = PBXShellScriptBuildPhase;
			buildActionMask = 2147483647;
			files = (
			);
			inputFileListPaths = (
				"${PODS_ROOT}/Target Support Files/Pods-Gist-GistUITests/Pods-Gist-GistUITests-frameworks-${CONFIGURATION}-input-files.xcfilelist",
			);
			name = "[CP] Embed Pods Frameworks";
			outputFileListPaths = (
				"${PODS_ROOT}/Target Support Files/Pods-Gist-GistUITests/Pods-Gist-GistUITests-frameworks-${CONFIGURATION}-output-files.xcfilelist",
			);
			runOnlyForDeploymentPostprocessing = 0;
			shellPath = /bin/sh;
			shellScript = "\"${PODS_ROOT}/Target Support Files/Pods-Gist-GistUITests/Pods-Gist-GistUITests-frameworks.sh\"\n";
			showEnvVarsInLog = 0;
		};
/* End PBXShellScriptBuildPhase section */

/* Begin PBXSourcesBuildPhase section */
		861CED0127EE8C70007138E7 /* Sources */ = {
			isa = PBXSourcesBuildPhase;
			buildActionMask = 2147483647;
			files = (
				86A434BB27F0DF03003DC156 /* Endpoint.swift in Sources */,
				86A434B627F0D9B7003DC156 /* ServiceError.swift in Sources */,
				86A434B927F0DCBD003DC156 /* GistRequestQuery.swift in Sources */,
				861CED0D27EE8C70007138E7 /* ViewController.swift in Sources */,
				86A434A927EEA9CD003DC156 /* GistResponse.swift in Sources */,
				86A434A027EE9CF3003DC156 /* GistListPresenter.swift in Sources */,
				86A434A527EE9CF3003DC156 /* GistListModel.swift in Sources */,
				86A434D027F132CB003DC156 /* SearchView.swift in Sources */,
				86A434CC27F11B82003DC156 /* UITableViewCellExtension.swift in Sources */,
				861CED0927EE8C70007138E7 /* AppDelegate.swift in Sources */,
				86A434A127EE9CF3003DC156 /* GistListRouter.swift in Sources */,
				86A434B427F0D991003DC156 /* GistService.swift in Sources */,
				861CED0B27EE8C70007138E7 /* SceneDelegate.swift in Sources */,
				86A434A327EE9CF3003DC156 /* GistListInteractor.swift in Sources */,
				86A434C727F101A5003DC156 /* ViewCodeConfiguration.swift in Sources */,
				86A434C327F0F297003DC156 /* GistTableViewCell.swift in Sources */,
				86A434A727EEA3E3003DC156 /* GistLisBuilder.swift in Sources */,
				86A434CA27F11A3B003DC156 /* NSObjectExtension.swift in Sources */,
				86A434BE27F0E85F003DC156 /* EncodableExtension.swift in Sources */,
				8617DD7E27F239CF00C7B341 /* UIColorExtension.swift in Sources */,
				86A434CE27F11CB2003DC156 /* UIViewExtension.swift in Sources */,
				86A434A227EE9CF3003DC156 /* GistListViewController.swift in Sources */,
			);
			runOnlyForDeploymentPostprocessing = 0;
		};
		861CED1727EE8C72007138E7 /* Sources */ = {
			isa = PBXSourcesBuildPhase;
			buildActionMask = 2147483647;
			files = (
				8617DD8627F26F3700C7B341 /* GistListInteractorTests.swift in Sources */,
				8617DD8727F26F3700C7B341 /* GistListRouterTests.swift in Sources */,
				861CED2027EE8C72007138E7 /* GistTests.swift in Sources */,
				86A434AE27F0A2C8003DC156 /* GistResponseTest.swift in Sources */,
				8617DD8827F26F3700C7B341 /* GistListPresenterTests.swift in Sources */,
				8617DD8527F26F3700C7B341 /* GistListViewControllerTests.swift in Sources */,
			);
			runOnlyForDeploymentPostprocessing = 0;
		};
		861CED2127EE8C72007138E7 /* Sources */ = {
			isa = PBXSourcesBuildPhase;
			buildActionMask = 2147483647;
			files = (
				861CED2A27EE8C72007138E7 /* GistUITests.swift in Sources */,
				861CED2C27EE8C72007138E7 /* GistUITestsLaunchTests.swift in Sources */,
			);
			runOnlyForDeploymentPostprocessing = 0;
		};
/* End PBXSourcesBuildPhase section */

/* Begin PBXTargetDependency section */
		861CED1D27EE8C72007138E7 /* PBXTargetDependency */ = {
			isa = PBXTargetDependency;
			target = 861CED0427EE8C70007138E7 /* Gist */;
			targetProxy = 861CED1C27EE8C72007138E7 /* PBXContainerItemProxy */;
		};
		861CED2727EE8C72007138E7 /* PBXTargetDependency */ = {
			isa = PBXTargetDependency;
			target = 861CED0427EE8C70007138E7 /* Gist */;
			targetProxy = 861CED2627EE8C72007138E7 /* PBXContainerItemProxy */;
		};
/* End PBXTargetDependency section */

/* Begin PBXVariantGroup section */
		861CED1327EE8C72007138E7 /* LaunchScreen.storyboard */ = {
			isa = PBXVariantGroup;
			children = (
				861CED1427EE8C72007138E7 /* Base */,
			);
			name = LaunchScreen.storyboard;
			sourceTree = "<group>";
		};
/* End PBXVariantGroup section */

/* Begin XCBuildConfiguration section */
		861CED2D27EE8C72007138E7 /* Debug */ = {
			isa = XCBuildConfiguration;
			buildSettings = {
				ALWAYS_SEARCH_USER_PATHS = NO;
				CLANG_ANALYZER_NONNULL = YES;
				CLANG_ANALYZER_NUMBER_OBJECT_CONVERSION = YES_AGGRESSIVE;
				CLANG_CXX_LANGUAGE_STANDARD = "gnu++17";
				CLANG_ENABLE_MODULES = YES;
				CLANG_ENABLE_OBJC_ARC = YES;
				CLANG_ENABLE_OBJC_WEAK = YES;
				CLANG_WARN_BLOCK_CAPTURE_AUTORELEASING = YES;
				CLANG_WARN_BOOL_CONVERSION = YES;
				CLANG_WARN_COMMA = YES;
				CLANG_WARN_CONSTANT_CONVERSION = YES;
				CLANG_WARN_DEPRECATED_OBJC_IMPLEMENTATIONS = YES;
				CLANG_WARN_DIRECT_OBJC_ISA_USAGE = YES_ERROR;
				CLANG_WARN_DOCUMENTATION_COMMENTS = YES;
				CLANG_WARN_EMPTY_BODY = YES;
				CLANG_WARN_ENUM_CONVERSION = YES;
				CLANG_WARN_INFINITE_RECURSION = YES;
				CLANG_WARN_INT_CONVERSION = YES;
				CLANG_WARN_NON_LITERAL_NULL_CONVERSION = YES;
				CLANG_WARN_OBJC_IMPLICIT_RETAIN_SELF = YES;
				CLANG_WARN_OBJC_LITERAL_CONVERSION = YES;
				CLANG_WARN_OBJC_ROOT_CLASS = YES_ERROR;
				CLANG_WARN_QUOTED_INCLUDE_IN_FRAMEWORK_HEADER = YES;
				CLANG_WARN_RANGE_LOOP_ANALYSIS = YES;
				CLANG_WARN_STRICT_PROTOTYPES = YES;
				CLANG_WARN_SUSPICIOUS_MOVE = YES;
				CLANG_WARN_UNGUARDED_AVAILABILITY = YES_AGGRESSIVE;
				CLANG_WARN_UNREACHABLE_CODE = YES;
				CLANG_WARN__DUPLICATE_METHOD_MATCH = YES;
				COPY_PHASE_STRIP = NO;
				DEBUG_INFORMATION_FORMAT = dwarf;
				ENABLE_STRICT_OBJC_MSGSEND = YES;
				ENABLE_TESTABILITY = YES;
				GCC_C_LANGUAGE_STANDARD = gnu11;
				GCC_DYNAMIC_NO_PIC = NO;
				GCC_NO_COMMON_BLOCKS = YES;
				GCC_OPTIMIZATION_LEVEL = 0;
				GCC_PREPROCESSOR_DEFINITIONS = (
					"DEBUG=1",
					"$(inherited)",
				);
				GCC_WARN_64_TO_32_BIT_CONVERSION = YES;
				GCC_WARN_ABOUT_RETURN_TYPE = YES_ERROR;
				GCC_WARN_UNDECLARED_SELECTOR = YES;
				GCC_WARN_UNINITIALIZED_AUTOS = YES_AGGRESSIVE;
				GCC_WARN_UNUSED_FUNCTION = YES;
				GCC_WARN_UNUSED_VARIABLE = YES;
				IPHONEOS_DEPLOYMENT_TARGET = 13.0;
				MTL_ENABLE_DEBUG_INFO = INCLUDE_SOURCE;
				MTL_FAST_MATH = YES;
				ONLY_ACTIVE_ARCH = YES;
				SDKROOT = iphoneos;
				SWIFT_ACTIVE_COMPILATION_CONDITIONS = DEBUG;
				SWIFT_OPTIMIZATION_LEVEL = "-Onone";
			};
			name = Debug;
		};
		861CED2E27EE8C72007138E7 /* Release */ = {
			isa = XCBuildConfiguration;
			buildSettings = {
				ALWAYS_SEARCH_USER_PATHS = NO;
				CLANG_ANALYZER_NONNULL = YES;
				CLANG_ANALYZER_NUMBER_OBJECT_CONVERSION = YES_AGGRESSIVE;
				CLANG_CXX_LANGUAGE_STANDARD = "gnu++17";
				CLANG_ENABLE_MODULES = YES;
				CLANG_ENABLE_OBJC_ARC = YES;
				CLANG_ENABLE_OBJC_WEAK = YES;
				CLANG_WARN_BLOCK_CAPTURE_AUTORELEASING = YES;
				CLANG_WARN_BOOL_CONVERSION = YES;
				CLANG_WARN_COMMA = YES;
				CLANG_WARN_CONSTANT_CONVERSION = YES;
				CLANG_WARN_DEPRECATED_OBJC_IMPLEMENTATIONS = YES;
				CLANG_WARN_DIRECT_OBJC_ISA_USAGE = YES_ERROR;
				CLANG_WARN_DOCUMENTATION_COMMENTS = YES;
				CLANG_WARN_EMPTY_BODY = YES;
				CLANG_WARN_ENUM_CONVERSION = YES;
				CLANG_WARN_INFINITE_RECURSION = YES;
				CLANG_WARN_INT_CONVERSION = YES;
				CLANG_WARN_NON_LITERAL_NULL_CONVERSION = YES;
				CLANG_WARN_OBJC_IMPLICIT_RETAIN_SELF = YES;
				CLANG_WARN_OBJC_LITERAL_CONVERSION = YES;
				CLANG_WARN_OBJC_ROOT_CLASS = YES_ERROR;
				CLANG_WARN_QUOTED_INCLUDE_IN_FRAMEWORK_HEADER = YES;
				CLANG_WARN_RANGE_LOOP_ANALYSIS = YES;
				CLANG_WARN_STRICT_PROTOTYPES = YES;
				CLANG_WARN_SUSPICIOUS_MOVE = YES;
				CLANG_WARN_UNGUARDED_AVAILABILITY = YES_AGGRESSIVE;
				CLANG_WARN_UNREACHABLE_CODE = YES;
				CLANG_WARN__DUPLICATE_METHOD_MATCH = YES;
				COPY_PHASE_STRIP = NO;
				DEBUG_INFORMATION_FORMAT = "dwarf-with-dsym";
				ENABLE_NS_ASSERTIONS = NO;
				ENABLE_STRICT_OBJC_MSGSEND = YES;
				GCC_C_LANGUAGE_STANDARD = gnu11;
				GCC_NO_COMMON_BLOCKS = YES;
				GCC_WARN_64_TO_32_BIT_CONVERSION = YES;
				GCC_WARN_ABOUT_RETURN_TYPE = YES_ERROR;
				GCC_WARN_UNDECLARED_SELECTOR = YES;
				GCC_WARN_UNINITIALIZED_AUTOS = YES_AGGRESSIVE;
				GCC_WARN_UNUSED_FUNCTION = YES;
				GCC_WARN_UNUSED_VARIABLE = YES;
				IPHONEOS_DEPLOYMENT_TARGET = 13.0;
				MTL_ENABLE_DEBUG_INFO = NO;
				MTL_FAST_MATH = YES;
				SDKROOT = iphoneos;
				SWIFT_COMPILATION_MODE = wholemodule;
				SWIFT_OPTIMIZATION_LEVEL = "-O";
				VALIDATE_PRODUCT = YES;
			};
			name = Release;
		};
		861CED3027EE8C72007138E7 /* Debug */ = {
			isa = XCBuildConfiguration;
			baseConfigurationReference = CDD645157900EA7E0DB809D4 /* Pods-Gist.debug.xcconfig */;
			buildSettings = {
				ASSETCATALOG_COMPILER_APPICON_NAME = AppIcon;
				ASSETCATALOG_COMPILER_GLOBAL_ACCENT_COLOR_NAME = AccentColor;
				CODE_SIGN_STYLE = Automatic;
				CURRENT_PROJECT_VERSION = 1;
				DEVELOPMENT_TEAM = JFJZPS4348;
				GENERATE_INFOPLIST_FILE = YES;
				INFOPLIST_FILE = Gist/Info.plist;
				INFOPLIST_KEY_UIApplicationSupportsIndirectInputEvents = YES;
				INFOPLIST_KEY_UILaunchStoryboardName = LaunchScreen;
				INFOPLIST_KEY_UISupportedInterfaceOrientations_iPad = "UIInterfaceOrientationPortrait UIInterfaceOrientationPortraitUpsideDown UIInterfaceOrientationLandscapeLeft UIInterfaceOrientationLandscapeRight";
				INFOPLIST_KEY_UISupportedInterfaceOrientations_iPhone = "UIInterfaceOrientationPortrait UIInterfaceOrientationLandscapeLeft UIInterfaceOrientationLandscapeRight";
				LD_RUNPATH_SEARCH_PATHS = (
					"$(inherited)",
					"@executable_path/Frameworks",
				);
				MARKETING_VERSION = 1.0;
				PRODUCT_BUNDLE_IDENTIFIER = com.massuci.Gist;
				PRODUCT_NAME = "$(TARGET_NAME)";
				SWIFT_EMIT_LOC_STRINGS = YES;
				SWIFT_VERSION = 5.0;
				TARGETED_DEVICE_FAMILY = "1,2";
			};
			name = Debug;
		};
		861CED3127EE8C72007138E7 /* Release */ = {
			isa = XCBuildConfiguration;
			baseConfigurationReference = DD6C0773B6C7F368221143E9 /* Pods-Gist.release.xcconfig */;
			buildSettings = {
				ASSETCATALOG_COMPILER_APPICON_NAME = AppIcon;
				ASSETCATALOG_COMPILER_GLOBAL_ACCENT_COLOR_NAME = AccentColor;
				CODE_SIGN_STYLE = Automatic;
				CURRENT_PROJECT_VERSION = 1;
				DEVELOPMENT_TEAM = JFJZPS4348;
				GENERATE_INFOPLIST_FILE = YES;
				INFOPLIST_FILE = Gist/Info.plist;
				INFOPLIST_KEY_UIApplicationSupportsIndirectInputEvents = YES;
				INFOPLIST_KEY_UILaunchStoryboardName = LaunchScreen;
				INFOPLIST_KEY_UISupportedInterfaceOrientations_iPad = "UIInterfaceOrientationPortrait UIInterfaceOrientationPortraitUpsideDown UIInterfaceOrientationLandscapeLeft UIInterfaceOrientationLandscapeRight";
				INFOPLIST_KEY_UISupportedInterfaceOrientations_iPhone = "UIInterfaceOrientationPortrait UIInterfaceOrientationLandscapeLeft UIInterfaceOrientationLandscapeRight";
				LD_RUNPATH_SEARCH_PATHS = (
					"$(inherited)",
					"@executable_path/Frameworks",
				);
				MARKETING_VERSION = 1.0;
				PRODUCT_BUNDLE_IDENTIFIER = com.massuci.Gist;
				PRODUCT_NAME = "$(TARGET_NAME)";
				SWIFT_EMIT_LOC_STRINGS = YES;
				SWIFT_VERSION = 5.0;
				TARGETED_DEVICE_FAMILY = "1,2";
			};
			name = Release;
		};
		861CED3327EE8C72007138E7 /* Debug */ = {
			isa = XCBuildConfiguration;
			baseConfigurationReference = E8463DFBC7DD0FFE5DB51742 /* Pods-GistTests.debug.xcconfig */;
			buildSettings = {
				ALWAYS_EMBED_SWIFT_STANDARD_LIBRARIES = YES;
				BUNDLE_LOADER = "$(TEST_HOST)";
				CODE_SIGN_STYLE = Automatic;
				CURRENT_PROJECT_VERSION = 1;
				DEVELOPMENT_TEAM = JFJZPS4348;
				GENERATE_INFOPLIST_FILE = YES;
				IPHONEOS_DEPLOYMENT_TARGET = 15.4;
				MARKETING_VERSION = 1.0;
				PRODUCT_BUNDLE_IDENTIFIER = com.massuci.GistTests;
				PRODUCT_NAME = "$(TARGET_NAME)";
				SWIFT_EMIT_LOC_STRINGS = NO;
				SWIFT_VERSION = 5.0;
				TARGETED_DEVICE_FAMILY = "1,2";
				TEST_HOST = "$(BUILT_PRODUCTS_DIR)/Gist.app/Gist";
			};
			name = Debug;
		};
		861CED3427EE8C72007138E7 /* Release */ = {
			isa = XCBuildConfiguration;
			baseConfigurationReference = 278C945637A3A563571BD8A5 /* Pods-GistTests.release.xcconfig */;
			buildSettings = {
				ALWAYS_EMBED_SWIFT_STANDARD_LIBRARIES = YES;
				BUNDLE_LOADER = "$(TEST_HOST)";
				CODE_SIGN_STYLE = Automatic;
				CURRENT_PROJECT_VERSION = 1;
				DEVELOPMENT_TEAM = JFJZPS4348;
				GENERATE_INFOPLIST_FILE = YES;
				IPHONEOS_DEPLOYMENT_TARGET = 15.4;
				MARKETING_VERSION = 1.0;
				PRODUCT_BUNDLE_IDENTIFIER = com.massuci.GistTests;
				PRODUCT_NAME = "$(TARGET_NAME)";
				SWIFT_EMIT_LOC_STRINGS = NO;
				SWIFT_VERSION = 5.0;
				TARGETED_DEVICE_FAMILY = "1,2";
				TEST_HOST = "$(BUILT_PRODUCTS_DIR)/Gist.app/Gist";
			};
			name = Release;
		};
		861CED3627EE8C72007138E7 /* Debug */ = {
			isa = XCBuildConfiguration;
			baseConfigurationReference = EF57F34AED1A559F39339D9F /* Pods-Gist-GistUITests.debug.xcconfig */;
			buildSettings = {
				ALWAYS_EMBED_SWIFT_STANDARD_LIBRARIES = YES;
				CODE_SIGN_STYLE = Automatic;
				CURRENT_PROJECT_VERSION = 1;
				DEVELOPMENT_TEAM = JFJZPS4348;
				GENERATE_INFOPLIST_FILE = YES;
				MARKETING_VERSION = 1.0;
				PRODUCT_BUNDLE_IDENTIFIER = com.massuci.GistUITests;
				PRODUCT_NAME = "$(TARGET_NAME)";
				SWIFT_EMIT_LOC_STRINGS = NO;
				SWIFT_VERSION = 5.0;
				TARGETED_DEVICE_FAMILY = "1,2";
				TEST_TARGET_NAME = Gist;
			};
			name = Debug;
		};
		861CED3727EE8C72007138E7 /* Release */ = {
			isa = XCBuildConfiguration;
			baseConfigurationReference = 1934CE88A7F078FA3DA87709 /* Pods-Gist-GistUITests.release.xcconfig */;
			buildSettings = {
				ALWAYS_EMBED_SWIFT_STANDARD_LIBRARIES = YES;
				CODE_SIGN_STYLE = Automatic;
				CURRENT_PROJECT_VERSION = 1;
				DEVELOPMENT_TEAM = JFJZPS4348;
				GENERATE_INFOPLIST_FILE = YES;
				MARKETING_VERSION = 1.0;
				PRODUCT_BUNDLE_IDENTIFIER = com.massuci.GistUITests;
				PRODUCT_NAME = "$(TARGET_NAME)";
				SWIFT_EMIT_LOC_STRINGS = NO;
				SWIFT_VERSION = 5.0;
				TARGETED_DEVICE_FAMILY = "1,2";
				TEST_TARGET_NAME = Gist;
			};
			name = Release;
		};
/* End XCBuildConfiguration section */

/* Begin XCConfigurationList section */
		861CED0027EE8C70007138E7 /* Build configuration list for PBXProject "Gist" */ = {
			isa = XCConfigurationList;
			buildConfigurations = (
				861CED2D27EE8C72007138E7 /* Debug */,
				861CED2E27EE8C72007138E7 /* Release */,
			);
			defaultConfigurationIsVisible = 0;
			defaultConfigurationName = Release;
		};
		861CED2F27EE8C72007138E7 /* Build configuration list for PBXNativeTarget "Gist" */ = {
			isa = XCConfigurationList;
			buildConfigurations = (
				861CED3027EE8C72007138E7 /* Debug */,
				861CED3127EE8C72007138E7 /* Release */,
			);
			defaultConfigurationIsVisible = 0;
			defaultConfigurationName = Release;
		};
		861CED3227EE8C72007138E7 /* Build configuration list for PBXNativeTarget "GistTests" */ = {
			isa = XCConfigurationList;
			buildConfigurations = (
				861CED3327EE8C72007138E7 /* Debug */,
				861CED3427EE8C72007138E7 /* Release */,
			);
			defaultConfigurationIsVisible = 0;
			defaultConfigurationName = Release;
		};
		861CED3527EE8C72007138E7 /* Build configuration list for PBXNativeTarget "GistUITests" */ = {
			isa = XCConfigurationList;
			buildConfigurations = (
				861CED3627EE8C72007138E7 /* Debug */,
				861CED3727EE8C72007138E7 /* Release */,
			);
			defaultConfigurationIsVisible = 0;
			defaultConfigurationName = Release;
		};
/* End XCConfigurationList section */
	};
	rootObject = 861CECFD27EE8C70007138E7 /* Project object */;
}
